// !$*UTF8*$!
{
	archiveVersion = 1;
	classes = {
	};
	objectVersion = 56;
	objects = {

/* Begin PBXBuildFile section */
		B75790292B2A2C8F00333D07 /* SharedRadiusData.swift in Sources */ = {isa = PBXBuildFile; fileRef = B75790282B2A2C8F00333D07 /* SharedRadiusData.swift */; };
		B79470C12B4C630400E62026 /* RadiusSliderView.swift in Sources */ = {isa = PBXBuildFile; fileRef = B79470C02B4C630400E62026 /* RadiusSliderView.swift */; };
		B7AE2C112B586F4600F970A1 /* AccordionView.swift in Sources */ = {isa = PBXBuildFile; fileRef = B7AE2C102B586F4600F970A1 /* AccordionView.swift */; };
		B7B286072B290D98006FAB01 /* unnamedApp.swift in Sources */ = {isa = PBXBuildFile; fileRef = B7B286062B290D98006FAB01 /* unnamedApp.swift */; };
		B7B286092B290D98006FAB01 /* ContentView.swift in Sources */ = {isa = PBXBuildFile; fileRef = B7B286082B290D98006FAB01 /* ContentView.swift */; };
		B7B2860B2B290D9B006FAB01 /* Assets.xcassets in Resources */ = {isa = PBXBuildFile; fileRef = B7B2860A2B290D9B006FAB01 /* Assets.xcassets */; };
		B7B2860E2B290D9B006FAB01 /* Preview Assets.xcassets in Resources */ = {isa = PBXBuildFile; fileRef = B7B2860D2B290D9B006FAB01 /* Preview Assets.xcassets */; };
		B7B286152B290EF4006FAB01 /* Tab.swift in Sources */ = {isa = PBXBuildFile; fileRef = B7B286142B290EF4006FAB01 /* Tab.swift */; };
		B7B286172B290F05006FAB01 /* CircleView.swift in Sources */ = {isa = PBXBuildFile; fileRef = B7B286162B290F05006FAB01 /* CircleView.swift */; };
		B7B286192B29130E006FAB01 /* CustomizeView.swift in Sources */ = {isa = PBXBuildFile; fileRef = B7B286182B29130E006FAB01 /* CustomizeView.swift */; };
		B7F08C7C2B4C743A00644D3E /* RadiusUISliderView.swift in Sources */ = {isa = PBXBuildFile; fileRef = B7F08C7B2B4C743A00644D3E /* RadiusUISliderView.swift */; };
		B7F08C7E2B4C750700644D3E /* RadiusUISliderView+UIViewControllerRepresentable.swift in Sources */ = {isa = PBXBuildFile; fileRef = B7F08C7D2B4C750700644D3E /* RadiusUISliderView+UIViewControllerRepresentable.swift */; };
		B7F08C802B4C869E00644D3E /* StyledGauge.swift in Sources */ = {isa = PBXBuildFile; fileRef = B7F08C7F2B4C869E00644D3E /* StyledGauge.swift */; };
/* End PBXBuildFile section */

/* Begin PBXFileReference section */
		B75790282B2A2C8F00333D07 /* SharedRadiusData.swift */ = {isa = PBXFileReference; lastKnownFileType = sourcecode.swift; path = SharedRadiusData.swift; sourceTree = "<group>"; };
		B79470C02B4C630400E62026 /* RadiusSliderView.swift */ = {isa = PBXFileReference; lastKnownFileType = sourcecode.swift; path = RadiusSliderView.swift; sourceTree = "<group>"; };
		B7AE2C102B586F4600F970A1 /* AccordionView.swift */ = {isa = PBXFileReference; lastKnownFileType = sourcecode.swift; path = AccordionView.swift; sourceTree = "<group>"; };
		B7B286032B290D98006FAB01 /* unnamed.app */ = {isa = PBXFileReference; explicitFileType = wrapper.application; includeInIndex = 0; path = unnamed.app; sourceTree = BUILT_PRODUCTS_DIR; };
		B7B286062B290D98006FAB01 /* unnamedApp.swift */ = {isa = PBXFileReference; lastKnownFileType = sourcecode.swift; path = unnamedApp.swift; sourceTree = "<group>"; };
		B7B286082B290D98006FAB01 /* ContentView.swift */ = {isa = PBXFileReference; lastKnownFileType = sourcecode.swift; path = ContentView.swift; sourceTree = "<group>"; };
		B7B2860A2B290D9B006FAB01 /* Assets.xcassets */ = {isa = PBXFileReference; lastKnownFileType = folder.assetcatalog; path = Assets.xcassets; sourceTree = "<group>"; };
		B7B2860D2B290D9B006FAB01 /* Preview Assets.xcassets */ = {isa = PBXFileReference; lastKnownFileType = folder.assetcatalog; path = "Preview Assets.xcassets"; sourceTree = "<group>"; };
		B7B286142B290EF4006FAB01 /* Tab.swift */ = {isa = PBXFileReference; lastKnownFileType = sourcecode.swift; path = Tab.swift; sourceTree = "<group>"; };
		B7B286162B290F05006FAB01 /* CircleView.swift */ = {isa = PBXFileReference; lastKnownFileType = sourcecode.swift; path = CircleView.swift; sourceTree = "<group>"; };
		B7B286182B29130E006FAB01 /* CustomizeView.swift */ = {isa = PBXFileReference; lastKnownFileType = sourcecode.swift; path = CustomizeView.swift; sourceTree = "<group>"; };
		B7F08C7B2B4C743A00644D3E /* RadiusUISliderView.swift */ = {isa = PBXFileReference; lastKnownFileType = sourcecode.swift; path = RadiusUISliderView.swift; sourceTree = "<group>"; };
		B7F08C7D2B4C750700644D3E /* RadiusUISliderView+UIViewControllerRepresentable.swift */ = {isa = PBXFileReference; lastKnownFileType = sourcecode.swift; path = "RadiusUISliderView+UIViewControllerRepresentable.swift"; sourceTree = "<group>"; };
		B7F08C7F2B4C869E00644D3E /* StyledGauge.swift */ = {isa = PBXFileReference; lastKnownFileType = sourcecode.swift; path = StyledGauge.swift; sourceTree = "<group>"; };
/* End PBXFileReference section */

/* Begin PBXFrameworksBuildPhase section */
		B7B286002B290D98006FAB01 /* Frameworks */ = {
			isa = PBXFrameworksBuildPhase;
			buildActionMask = 2147483647;
			files = (
			);
			runOnlyForDeploymentPostprocessing = 0;
		};
/* End PBXFrameworksBuildPhase section */

/* Begin PBXGroup section */
		B7AE2C0F2B586F2F00F970A1 /* Accordion */ = {
			isa = PBXGroup;
			children = (
				B7AE2C102B586F4600F970A1 /* AccordionView.swift */,
			);
			path = Accordion;
			sourceTree = "<group>";
		};
		B7B285FA2B290D98006FAB01 = {
			isa = PBXGroup;
			children = (
				B7B286052B290D98006FAB01 /* unnamed */,
				B7B286042B290D98006FAB01 /* Products */,
			);
			sourceTree = "<group>";
		};
		B7B286042B290D98006FAB01 /* Products */ = {
			isa = PBXGroup;
			children = (
				B7B286032B290D98006FAB01 /* unnamed.app */,
			);
			name = Products;
			sourceTree = "<group>";
		};
		B7B286052B290D98006FAB01 /* unnamed */ = {
			isa = PBXGroup;
			children = (
				B7AE2C0F2B586F2F00F970A1 /* Accordion */,
				B7B286062B290D98006FAB01 /* unnamedApp.swift */,
				B7B286082B290D98006FAB01 /* ContentView.swift */,
				B7B2860A2B290D9B006FAB01 /* Assets.xcassets */,
				B7B2860C2B290D9B006FAB01 /* Preview Content */,
				B7B286142B290EF4006FAB01 /* Tab.swift */,
				B7B286162B290F05006FAB01 /* CircleView.swift */,
				B7B286182B29130E006FAB01 /* CustomizeView.swift */,
				B75790282B2A2C8F00333D07 /* SharedRadiusData.swift */,
				B79470C02B4C630400E62026 /* RadiusSliderView.swift */,
				B7F08C7B2B4C743A00644D3E /* RadiusUISliderView.swift */,
				B7F08C7D2B4C750700644D3E /* RadiusUISliderView+UIViewControllerRepresentable.swift */,
				B7F08C7F2B4C869E00644D3E /* StyledGauge.swift */,
			);
			path = unnamed;
			sourceTree = "<group>";
		};
		B7B2860C2B290D9B006FAB01 /* Preview Content */ = {
			isa = PBXGroup;
			children = (
				B7B2860D2B290D9B006FAB01 /* Preview Assets.xcassets */,
			);
			path = "Preview Content";
			sourceTree = "<group>";
		};
/* End PBXGroup section */

/* Begin PBXNativeTarget section */
		B7B286022B290D98006FAB01 /* unnamed */ = {
			isa = PBXNativeTarget;
			buildConfigurationList = B7B286112B290D9B006FAB01 /* Build configuration list for PBXNativeTarget "unnamed" */;
			buildPhases = (
				B7B285FF2B290D98006FAB01 /* Sources */,
				B7B286002B290D98006FAB01 /* Frameworks */,
				B7B286012B290D98006FAB01 /* Resources */,
			);
			buildRules = (
			);
			dependencies = (
			);
			name = unnamed;
			productName = unnamed;
			productReference = B7B286032B290D98006FAB01 /* unnamed.app */;
			productType = "com.apple.product-type.application";
		};
/* End PBXNativeTarget section */

/* Begin PBXProject section */
		B7B285FB2B290D98006FAB01 /* Project object */ = {
			isa = PBXProject;
			attributes = {
				BuildIndependentTargetsInParallel = 1;
				LastSwiftUpdateCheck = 1500;
				LastUpgradeCheck = 1500;
				TargetAttributes = {
					B7B286022B290D98006FAB01 = {
						CreatedOnToolsVersion = 15.0.1;
					};
				};
			};
			buildConfigurationList = B7B285FE2B290D98006FAB01 /* Build configuration list for PBXProject "unnamed" */;
			compatibilityVersion = "Xcode 14.0";
			developmentRegion = en;
			hasScannedForEncodings = 0;
			knownRegions = (
				en,
				Base,
			);
			mainGroup = B7B285FA2B290D98006FAB01;
			productRefGroup = B7B286042B290D98006FAB01 /* Products */;
			projectDirPath = "";
			projectRoot = "";
			targets = (
				B7B286022B290D98006FAB01 /* unnamed */,
			);
		};
/* End PBXProject section */

/* Begin PBXResourcesBuildPhase section */
		B7B286012B290D98006FAB01 /* Resources */ = {
			isa = PBXResourcesBuildPhase;
			buildActionMask = 2147483647;
			files = (
				B7B2860E2B290D9B006FAB01 /* Preview Assets.xcassets in Resources */,
				B7B2860B2B290D9B006FAB01 /* Assets.xcassets in Resources */,
			);
			runOnlyForDeploymentPostprocessing = 0;
		};
/* End PBXResourcesBuildPhase section */

/* Begin PBXSourcesBuildPhase section */
		B7B285FF2B290D98006FAB01 /* Sources */ = {
			isa = PBXSourcesBuildPhase;
			buildActionMask = 2147483647;
			files = (
				B7B286172B290F05006FAB01 /* CircleView.swift in Sources */,
				B7B286152B290EF4006FAB01 /* Tab.swift in Sources */,
				B79470C12B4C630400E62026 /* RadiusSliderView.swift in Sources */,
				B75790292B2A2C8F00333D07 /* SharedRadiusData.swift in Sources */,
				B7B286192B29130E006FAB01 /* CustomizeView.swift in Sources */,
				B7F08C7E2B4C750700644D3E /* RadiusUISliderView+UIViewControllerRepresentable.swift in Sources */,
				B7B286092B290D98006FAB01 /* ContentView.swift in Sources */,
				B7B286072B290D98006FAB01 /* unnamedApp.swift in Sources */,
				B7AE2C112B586F4600F970A1 /* AccordionView.swift in Sources */,
				B7F08C802B4C869E00644D3E /* StyledGauge.swift in Sources */,
				B7F08C7C2B4C743A00644D3E /* RadiusUISliderView.swift in Sources */,
			);
			runOnlyForDeploymentPostprocessing = 0;
		};
/* End PBXSourcesBuildPhase section */

/* Begin XCBuildConfiguration section */
		B7B2860F2B290D9B006FAB01 /* Debug */ = {
			isa = XCBuildConfiguration;
			buildSettings = {
				ALWAYS_SEARCH_USER_PATHS = NO;
				ASSETCATALOG_COMPILER_GENERATE_SWIFT_ASSET_SYMBOL_EXTENSIONS = YES;
				CLANG_ANALYZER_NONNULL = YES;
				CLANG_ANALYZER_NUMBER_OBJECT_CONVERSION = YES_AGGRESSIVE;
				CLANG_CXX_LANGUAGE_STANDARD = "gnu++20";
				CLANG_ENABLE_MODULES = YES;
				CLANG_ENABLE_OBJC_ARC = YES;
				CLANG_ENABLE_OBJC_WEAK = YES;
				CLANG_WARN_BLOCK_CAPTURE_AUTORELEASING = YES;
				CLANG_WARN_BOOL_CONVERSION = YES;
				CLANG_WARN_COMMA = YES;
				CLANG_WARN_CONSTANT_CONVERSION = YES;
				CLANG_WARN_DEPRECATED_OBJC_IMPLEMENTATIONS = YES;
				CLANG_WARN_DIRECT_OBJC_ISA_USAGE = YES_ERROR;
				CLANG_WARN_DOCUMENTATION_COMMENTS = YES;
				CLANG_WARN_EMPTY_BODY = YES;
				CLANG_WARN_ENUM_CONVERSION = YES;
				CLANG_WARN_INFINITE_RECURSION = YES;
				CLANG_WARN_INT_CONVERSION = YES;
				CLANG_WARN_NON_LITERAL_NULL_CONVERSION = YES;
				CLANG_WARN_OBJC_IMPLICIT_RETAIN_SELF = YES;
				CLANG_WARN_OBJC_LITERAL_CONVERSION = YES;
				CLANG_WARN_OBJC_ROOT_CLASS = YES_ERROR;
				CLANG_WARN_QUOTED_INCLUDE_IN_FRAMEWORK_HEADER = YES;
				CLANG_WARN_RANGE_LOOP_ANALYSIS = YES;
				CLANG_WARN_STRICT_PROTOTYPES = YES;
				CLANG_WARN_SUSPICIOUS_MOVE = YES;
				CLANG_WARN_UNGUARDED_AVAILABILITY = YES_AGGRESSIVE;
				CLANG_WARN_UNREACHABLE_CODE = YES;
				CLANG_WARN__DUPLICATE_METHOD_MATCH = YES;
				COPY_PHASE_STRIP = NO;
				DEBUG_INFORMATION_FORMAT = dwarf;
				ENABLE_STRICT_OBJC_MSGSEND = YES;
				ENABLE_TESTABILITY = YES;
				ENABLE_USER_SCRIPT_SANDBOXING = YES;
				GCC_C_LANGUAGE_STANDARD = gnu17;
				GCC_DYNAMIC_NO_PIC = NO;
				GCC_NO_COMMON_BLOCKS = YES;
				GCC_OPTIMIZATION_LEVEL = 0;
				GCC_PREPROCESSOR_DEFINITIONS = (
					"DEBUG=1",
					"$(inherited)",
				);
				GCC_WARN_64_TO_32_BIT_CONVERSION = YES;
				GCC_WARN_ABOUT_RETURN_TYPE = YES_ERROR;
				GCC_WARN_UNDECLARED_SELECTOR = YES;
				GCC_WARN_UNINITIALIZED_AUTOS = YES_AGGRESSIVE;
				GCC_WARN_UNUSED_FUNCTION = YES;
				GCC_WARN_UNUSED_VARIABLE = YES;
				IPHONEOS_DEPLOYMENT_TARGET = 17.0;
				LOCALIZATION_PREFERS_STRING_CATALOGS = YES;
				MTL_ENABLE_DEBUG_INFO = INCLUDE_SOURCE;
				MTL_FAST_MATH = YES;
				ONLY_ACTIVE_ARCH = YES;
				SDKROOT = iphoneos;
				SWIFT_ACTIVE_COMPILATION_CONDITIONS = "DEBUG $(inherited)";
				SWIFT_OPTIMIZATION_LEVEL = "-Onone";
			};
			name = Debug;
		};
		B7B286102B290D9B006FAB01 /* Release */ = {
			isa = XCBuildConfiguration;
			buildSettings = {
				ALWAYS_SEARCH_USER_PATHS = NO;
				ASSETCATALOG_COMPILER_GENERATE_SWIFT_ASSET_SYMBOL_EXTENSIONS = YES;
				CLANG_ANALYZER_NONNULL = YES;
				CLANG_ANALYZER_NUMBER_OBJECT_CONVERSION = YES_AGGRESSIVE;
				CLANG_CXX_LANGUAGE_STANDARD = "gnu++20";
				CLANG_ENABLE_MODULES = YES;
				CLANG_ENABLE_OBJC_ARC = YES;
				CLANG_ENABLE_OBJC_WEAK = YES;
				CLANG_WARN_BLOCK_CAPTURE_AUTORELEASING = YES;
				CLANG_WARN_BOOL_CONVERSION = YES;
				CLANG_WARN_COMMA = YES;
				CLANG_WARN_CONSTANT_CONVERSION = YES;
				CLANG_WARN_DEPRECATED_OBJC_IMPLEMENTATIONS = YES;
				CLANG_WARN_DIRECT_OBJC_ISA_USAGE = YES_ERROR;
				CLANG_WARN_DOCUMENTATION_COMMENTS = YES;
				CLANG_WARN_EMPTY_BODY = YES;
				CLANG_WARN_ENUM_CONVERSION = YES;
				CLANG_WARN_INFINITE_RECURSION = YES;
				CLANG_WARN_INT_CONVERSION = YES;
				CLANG_WARN_NON_LITERAL_NULL_CONVERSION = YES;
				CLANG_WARN_OBJC_IMPLICIT_RETAIN_SELF = YES;
				CLANG_WARN_OBJC_LITERAL_CONVERSION = YES;
				CLANG_WARN_OBJC_ROOT_CLASS = YES_ERROR;
				CLANG_WARN_QUOTED_INCLUDE_IN_FRAMEWORK_HEADER = YES;
				CLANG_WARN_RANGE_LOOP_ANALYSIS = YES;
				CLANG_WARN_STRICT_PROTOTYPES = YES;
				CLANG_WARN_SUSPICIOUS_MOVE = YES;
				CLANG_WARN_UNGUARDED_AVAILABILITY = YES_AGGRESSIVE;
				CLANG_WARN_UNREACHABLE_CODE = YES;
				CLANG_WARN__DUPLICATE_METHOD_MATCH = YES;
				COPY_PHASE_STRIP = NO;
				DEBUG_INFORMATION_FORMAT = "dwarf-with-dsym";
				ENABLE_NS_ASSERTIONS = NO;
				ENABLE_STRICT_OBJC_MSGSEND = YES;
				ENABLE_USER_SCRIPT_SANDBOXING = YES;
				GCC_C_LANGUAGE_STANDARD = gnu17;
				GCC_NO_COMMON_BLOCKS = YES;
				GCC_WARN_64_TO_32_BIT_CONVERSION = YES;
				GCC_WARN_ABOUT_RETURN_TYPE = YES_ERROR;
				GCC_WARN_UNDECLARED_SELECTOR = YES;
				GCC_WARN_UNINITIALIZED_AUTOS = YES_AGGRESSIVE;
				GCC_WARN_UNUSED_FUNCTION = YES;
				GCC_WARN_UNUSED_VARIABLE = YES;
				IPHONEOS_DEPLOYMENT_TARGET = 17.0;
				LOCALIZATION_PREFERS_STRING_CATALOGS = YES;
				MTL_ENABLE_DEBUG_INFO = NO;
				MTL_FAST_MATH = YES;
				SDKROOT = iphoneos;
				SWIFT_COMPILATION_MODE = wholemodule;
				VALIDATE_PRODUCT = YES;
			};
			name = Release;
		};
		B7B286122B290D9B006FAB01 /* Debug */ = {
			isa = XCBuildConfiguration;
			buildSettings = {
				ASSETCATALOG_COMPILER_APPICON_NAME = AppIcon;
				ASSETCATALOG_COMPILER_GLOBAL_ACCENT_COLOR_NAME = AccentColor;
				CODE_SIGN_STYLE = Automatic;
				CURRENT_PROJECT_VERSION = 11;
				DEVELOPMENT_ASSET_PATHS = "\"unnamed/Preview Content\"";
				DEVELOPMENT_TEAM = 4PMDRZX4G7;
				ENABLE_PREVIEWS = YES;
				GENERATE_INFOPLIST_FILE = YES;
				INFOPLIST_KEY_UIApplicationSceneManifest_Generation = YES;
				INFOPLIST_KEY_UIApplicationSupportsIndirectInputEvents = YES;
				INFOPLIST_KEY_UILaunchScreen_Generation = YES;
				INFOPLIST_KEY_UISupportedInterfaceOrientations_iPad = "UIInterfaceOrientationPortrait UIInterfaceOrientationPortraitUpsideDown UIInterfaceOrientationLandscapeLeft UIInterfaceOrientationLandscapeRight";
				INFOPLIST_KEY_UISupportedInterfaceOrientations_iPhone = "UIInterfaceOrientationPortrait UIInterfaceOrientationLandscapeLeft UIInterfaceOrientationLandscapeRight";
				IPHONEOS_DEPLOYMENT_TARGET = 16.0;
				LD_RUNPATH_SEARCH_PATHS = (
					"$(inherited)",
					"@executable_path/Frameworks",
				);
				MARKETING_VERSION = 1.0;
				PRODUCT_BUNDLE_IDENTIFIER = com.michaelaskew.apps.unnamed;
				PRODUCT_NAME = "$(TARGET_NAME)";
				SWIFT_EMIT_LOC_STRINGS = YES;
				SWIFT_VERSION = 5.0;
				TARGETED_DEVICE_FAMILY = "1,2";
			};
			name = Debug;
		};
		B7B286132B290D9B006FAB01 /* Release */ = {
			isa = XCBuildConfiguration;
			buildSettings = {
				ASSETCATALOG_COMPILER_APPICON_NAME = AppIcon;
				ASSETCATALOG_COMPILER_GLOBAL_ACCENT_COLOR_NAME = AccentColor;
				CODE_SIGN_STYLE = Automatic;
				CURRENT_PROJECT_VERSION = 11;
				DEVELOPMENT_ASSET_PATHS = "\"unnamed/Preview Content\"";
				DEVELOPMENT_TEAM = 4PMDRZX4G7;
				ENABLE_PREVIEWS = YES;
				GENERATE_INFOPLIST_FILE = YES;
				INFOPLIST_KEY_UIApplicationSceneManifest_Generation = YES;
				INFOPLIST_KEY_UIApplicationSupportsIndirectInputEvents = YES;
				INFOPLIST_KEY_UILaunchScreen_Generation = YES;
				INFOPLIST_KEY_UISupportedInterfaceOrientations_iPad = "UIInterfaceOrientationPortrait UIInterfaceOrientationPortraitUpsideDown UIInterfaceOrientationLandscapeLeft UIInterfaceOrientationLandscapeRight";
				INFOPLIST_KEY_UISupportedInterfaceOrientations_iPhone = "UIInterfaceOrientationPortrait UIInterfaceOrientationLandscapeLeft UIInterfaceOrientationLandscapeRight";
				IPHONEOS_DEPLOYMENT_TARGET = 16.0;
				LD_RUNPATH_SEARCH_PATHS = (
					"$(inherited)",
					"@executable_path/Frameworks",
				);
				MARKETING_VERSION = 1.0;
				PRODUCT_BUNDLE_IDENTIFIER = com.michaelaskew.apps.unnamed;
				PRODUCT_NAME = "$(TARGET_NAME)";
				SWIFT_EMIT_LOC_STRINGS = YES;
				SWIFT_VERSION = 5.0;
				TARGETED_DEVICE_FAMILY = "1,2";
			};
			name = Release;
		};
/* End XCBuildConfiguration section */

/* Begin XCConfigurationList section */
		B7B285FE2B290D98006FAB01 /* Build configuration list for PBXProject "unnamed" */ = {
			isa = XCConfigurationList;
			buildConfigurations = (
				B7B2860F2B290D9B006FAB01 /* Debug */,
				B7B286102B290D9B006FAB01 /* Release */,
			);
			defaultConfigurationIsVisible = 0;
			defaultConfigurationName = Release;
		};
		B7B286112B290D9B006FAB01 /* Build configuration list for PBXNativeTarget "unnamed" */ = {
			isa = XCConfigurationList;
			buildConfigurations = (
				B7B286122B290D9B006FAB01 /* Debug */,
				B7B286132B290D9B006FAB01 /* Release */,
			);
			defaultConfigurationIsVisible = 0;
			defaultConfigurationName = Release;
		};
/* End XCConfigurationList section */
	};
	rootObject = B7B285FB2B290D98006FAB01 /* Project object */;
}
